PODS:
  - LibFatTorch-Lite (2.1)

DEPENDENCIES:
  - LibFatTorch-Lite (from `https://github.com/Timeworx/pytorch-lite-ios.git`)

EXTERNAL SOURCES:
  LibFatTorch-Lite:
    :git: https://github.com/Timeworx/pytorch-lite-ios.git

CHECKOUT OPTIONS:
  LibFatTorch-Lite:
    :commit: 5ae543c433b6e01281f46f8d3f01bcecba61cec0
    :git: https://github.com/Timeworx/pytorch-lite-ios.git

SPEC CHECKSUMS:
  LibFatTorch-Lite: c22b2aa6e9ba083e75af64ceb9e7cbb9579d4d5e

PODFILE CHECKSUM: 6227e299623a2e4a4c7f360a673639dd48b49d32

COCOAPODS: 1.12.1
